
Microsoft Visual Studio Solution File, Format Version 11.00
# Visual Studio 2010
Project("{FAE04EC0-301F-11D3-BF4B-00C04F79EFBC}") = "SharpInputSystem.Core.2010", "Projects\SharpInputSystem\SharpInputSystem.Core.2010.csproj", "{5AA7DDED-70FA-4014-A289-01BC2FAD5D4F}"
EndProject
Project("{FAE04EC0-301F-11D3-BF4B-00C04F79EFBC}") = "SharpInputSystem.Test.Console.X11.2010", "Projects\SharpInputSystem.Test.Console\SharpInputSystem.Test.Console.X11.2010.csproj", "{414B57C9-4B95-4503-AD7B-99426D6FC47D}"
EndProject
Project("{FAE04EC0-301F-11D3-BF4B-00C04F79EFBC}") = "SharpInputSystem.X11.2010", "Projects\SharpInputSystem.X11\SharpInputSystem.X11.2010.csproj", "{E7611F78-E15A-4CFA-A491-86459129C7D8}"
EndProject
Global
	GlobalSection(SolutionConfigurationPlatforms) = preSolution
		Debug|x86 = Debug|x86
		Release|x86 = Release|x86
	EndGlobalSection
	GlobalSection(ProjectConfigurationPlatforms) = postSolution
		{414B57C9-4B95-4503-AD7B-99426D6FC47D}.Debug|x86.ActiveCfg = Debug|x86
		{414B57C9-4B95-4503-AD7B-99426D6FC47D}.Debug|x86.Build.0 = Debug|x86
		{414B57C9-4B95-4503-AD7B-99426D6FC47D}.Release|x86.ActiveCfg = Release|x86
		{414B57C9-4B95-4503-AD7B-99426D6FC47D}.Release|x86.Build.0 = Release|x86
		{5AA7DDED-70FA-4014-A289-01BC2FAD5D4F}.Debug|x86.ActiveCfg = Debug|x86
		{5AA7DDED-70FA-4014-A289-01BC2FAD5D4F}.Debug|x86.Build.0 = Debug|x86
		{5AA7DDED-70FA-4014-A289-01BC2FAD5D4F}.Release|x86.ActiveCfg = Release|x86
		{5AA7DDED-70FA-4014-A289-01BC2FAD5D4F}.Release|x86.Build.0 = Release|x86
		{E7611F78-E15A-4CFA-A491-86459129C7D8}.Debug|x86.ActiveCfg = Debug|x86
		{E7611F78-E15A-4CFA-A491-86459129C7D8}.Debug|x86.Build.0 = Debug|x86
		{E7611F78-E15A-4CFA-A491-86459129C7D8}.Release|x86.ActiveCfg = Release|x86
		{E7611F78-E15A-4CFA-A491-86459129C7D8}.Release|x86.Build.0 = Release|x86
	EndGlobalSection
	GlobalSection(MonoDevelopProperties) = preSolution
		StartupItem = Projects\SharpInputSystem.Test.Console\SharpInputSystem.Test.Console.X11.2010.csproj
	EndGlobalSection
	GlobalSection(SolutionProperties) = preSolution
		HideSolutionNode = FALSE
	EndGlobalSection
EndGlobal
