Microsoft Visual Studio Solution File, Format Version 11.00
# Visual Studio 2010
Project("{FAE04EC0-301F-11D3-BF4B-00C04F79EFBC}") = "SharpInputSystem.Core.Xna.x86.2010", "Projects\SharpInputSystem\SharpInputSystem.Core.Xna.x86.2010.csproj", "{586BE208-0A04-4BB5-B83A-F2C31A4C03B0}"
EndProject
Project("{FAE04EC0-301F-11D3-BF4B-00C04F79EFBC}") = "SharpInputSystem.Core.Xna.Xbox360.2010", "Projects\SharpInputSystem\SharpInputSystem.Core.Xna.Xbox360.2010.csproj", "{348D66C8-2A8A-4A9A-8DEF-98C162328BDE}"
EndProject
Project("{FAE04EC0-301F-11D3-BF4B-00C04F79EFBC}") = "SharpInputSystem.Xna.x86.2010", "Projects\SharpInputSystem.Xna\SharpInputSystem.Xna.x86.2010.csproj", "{FF8DEF79-65B2-4889-AAD1-75F29BDA8CA7}"
EndProject
Project("{FAE04EC0-301F-11D3-BF4B-00C04F79EFBC}") = "SharpInputSystem.Xna.Xbox360.2010", "Projects\SharpInputSystem.Xna\SharpInputSystem.Xna.Xbox360.2010.csproj", "{A5A711F3-46C9-41F0-BD9C-465BB079A6FC}"
EndProject
Project("{FAE04EC0-301F-11D3-BF4B-00C04F79EFBC}") = "SharpInputSystem.Test.Console.Xna.x86.2010", "Projects\SharpInputSystem.Test.Console\SharpInputSystem.Test.Console.Xna.x86.2010.csproj", "{CB4F8B93-594B-455E-9DD7-D053702144BE}"
EndProject
Project("{FAE04EC0-301F-11D3-BF4B-00C04F79EFBC}") = "SharpInputSystem.Test.ConsoleContent", "Projects\SharpInputSystem.Test.Console\Content\SharpInputSystem.Test.ConsoleContent.contentproj", "{9B7F416E-ED15-44EB-BA2C-18DFBE40FE3E}"
EndProject
Project("{FAE04EC0-301F-11D3-BF4B-00C04F79EFBC}") = "SharpInputSystem.Test.Console.Xna.Xbox360.2010", "Projects\SharpInputSystem.Test.Console\SharpInputSystem.Test.Console.Xna.Xbox360.2010.csproj", "{2ECF6A1A-5D53-4F32-9CA5-8DBAA34F37B1}"
EndProject
Global
	GlobalSection(SolutionConfigurationPlatforms) = preSolution
		Debug|x86 = Debug|x86
		Debug|Xbox 360 = Debug|Xbox 360
		Release|x86 = Release|x86
		Release|Xbox 360 = Release|Xbox 360
	EndGlobalSection
	GlobalSection(ProjectConfigurationPlatforms) = postSolution
		{586BE208-0A04-4BB5-B83A-F2C31A4C03B0}.Debug|x86.ActiveCfg = Debug|x86
		{586BE208-0A04-4BB5-B83A-F2C31A4C03B0}.Debug|x86.Build.0 = Debug|x86
		{586BE208-0A04-4BB5-B83A-F2C31A4C03B0}.Debug|Xbox 360.ActiveCfg = Debug|x86
		{586BE208-0A04-4BB5-B83A-F2C31A4C03B0}.Release|x86.ActiveCfg = Release|x86
		{586BE208-0A04-4BB5-B83A-F2C31A4C03B0}.Release|x86.Build.0 = Release|x86
		{586BE208-0A04-4BB5-B83A-F2C31A4C03B0}.Release|Xbox 360.ActiveCfg = Release|x86
		{348D66C8-2A8A-4A9A-8DEF-98C162328BDE}.Debug|x86.ActiveCfg = Debug|Xbox 360
		{348D66C8-2A8A-4A9A-8DEF-98C162328BDE}.Debug|Xbox 360.ActiveCfg = Debug|Xbox 360
		{348D66C8-2A8A-4A9A-8DEF-98C162328BDE}.Debug|Xbox 360.Build.0 = Debug|Xbox 360
		{348D66C8-2A8A-4A9A-8DEF-98C162328BDE}.Release|x86.ActiveCfg = Release|Xbox 360
		{348D66C8-2A8A-4A9A-8DEF-98C162328BDE}.Release|Xbox 360.ActiveCfg = Release|Xbox 360
		{348D66C8-2A8A-4A9A-8DEF-98C162328BDE}.Release|Xbox 360.Build.0 = Release|Xbox 360
		{FF8DEF79-65B2-4889-AAD1-75F29BDA8CA7}.Debug|x86.ActiveCfg = Debug|x86
		{FF8DEF79-65B2-4889-AAD1-75F29BDA8CA7}.Debug|x86.Build.0 = Debug|x86
		{FF8DEF79-65B2-4889-AAD1-75F29BDA8CA7}.Debug|Xbox 360.ActiveCfg = Debug|x86
		{FF8DEF79-65B2-4889-AAD1-75F29BDA8CA7}.Release|x86.ActiveCfg = Release|x86
		{FF8DEF79-65B2-4889-AAD1-75F29BDA8CA7}.Release|x86.Build.0 = Release|x86
		{FF8DEF79-65B2-4889-AAD1-75F29BDA8CA7}.Release|Xbox 360.ActiveCfg = Release|x86
		{A5A711F3-46C9-41F0-BD9C-465BB079A6FC}.Debug|x86.ActiveCfg = Debug|Xbox 360
		{A5A711F3-46C9-41F0-BD9C-465BB079A6FC}.Debug|Xbox 360.ActiveCfg = Debug|Xbox 360
		{A5A711F3-46C9-41F0-BD9C-465BB079A6FC}.Debug|Xbox 360.Build.0 = Debug|Xbox 360
		{A5A711F3-46C9-41F0-BD9C-465BB079A6FC}.Release|x86.ActiveCfg = Release|Xbox 360
		{A5A711F3-46C9-41F0-BD9C-465BB079A6FC}.Release|Xbox 360.ActiveCfg = Release|Xbox 360
		{A5A711F3-46C9-41F0-BD9C-465BB079A6FC}.Release|Xbox 360.Build.0 = Release|Xbox 360
		{CB4F8B93-594B-455E-9DD7-D053702144BE}.Debug|x86.ActiveCfg = Debug|x86
		{CB4F8B93-594B-455E-9DD7-D053702144BE}.Debug|x86.Build.0 = Debug|x86
		{CB4F8B93-594B-455E-9DD7-D053702144BE}.Debug|Xbox 360.ActiveCfg = Debug|x86
		{CB4F8B93-594B-455E-9DD7-D053702144BE}.Release|x86.ActiveCfg = Release|x86
		{CB4F8B93-594B-455E-9DD7-D053702144BE}.Release|x86.Build.0 = Release|x86
		{CB4F8B93-594B-455E-9DD7-D053702144BE}.Release|Xbox 360.ActiveCfg = Release|x86
		{9B7F416E-ED15-44EB-BA2C-18DFBE40FE3E}.Debug|x86.ActiveCfg = Debug|x86
		{9B7F416E-ED15-44EB-BA2C-18DFBE40FE3E}.Debug|Xbox 360.ActiveCfg = Debug|x86
		{9B7F416E-ED15-44EB-BA2C-18DFBE40FE3E}.Release|x86.ActiveCfg = Release|x86
		{9B7F416E-ED15-44EB-BA2C-18DFBE40FE3E}.Release|Xbox 360.ActiveCfg = Release|x86
		{2ECF6A1A-5D53-4F32-9CA5-8DBAA34F37B1}.Debug|x86.ActiveCfg = Debug|Xbox 360
		{2ECF6A1A-5D53-4F32-9CA5-8DBAA34F37B1}.Debug|Xbox 360.ActiveCfg = Debug|Xbox 360
		{2ECF6A1A-5D53-4F32-9CA5-8DBAA34F37B1}.Debug|Xbox 360.Build.0 = Debug|Xbox 360
		{2ECF6A1A-5D53-4F32-9CA5-8DBAA34F37B1}.Debug|Xbox 360.Deploy.0 = Debug|Xbox 360
		{2ECF6A1A-5D53-4F32-9CA5-8DBAA34F37B1}.Release|x86.ActiveCfg = Release|Xbox 360
		{2ECF6A1A-5D53-4F32-9CA5-8DBAA34F37B1}.Release|Xbox 360.ActiveCfg = Release|Xbox 360
		{2ECF6A1A-5D53-4F32-9CA5-8DBAA34F37B1}.Release|Xbox 360.Build.0 = Release|Xbox 360
		{2ECF6A1A-5D53-4F32-9CA5-8DBAA34F37B1}.Release|Xbox 360.Deploy.0 = Release|Xbox 360
	EndGlobalSection
	GlobalSection(SolutionProperties) = preSolution
		HideSolutionNode = FALSE
	EndGlobalSection
EndGlobal
