Microsoft Visual Studio Solution File, Format Version 12.00
# Visual Studio 14
VisualStudioVersion = 14.0.25123.0
MinimumVisualStudioVersion = 10.0.40219.1
Project("{FAE04EC0-301F-11D3-BF4B-00C04F79EFBC}") = "SharpInputSystem.DirectX", "src\SharpInputSystem.DirectX\SharpInputSystem.DirectX.csproj", "{26BD5281-C74C-4BDB-9E9E-6E66D99FAC31}"
EndProject
Project("{FAE04EC0-301F-11D3-BF4B-00C04F79EFBC}") = "SharpInputSystem.SWF", "src\SharpInputSystem.SWF\SharpInputSystem.SWF.csproj", "{D12FE049-DFB1-476A-A726-CEABA59C93B4}"
EndProject
Project("{FAE04EC0-301F-11D3-BF4B-00C04F79EFBC}") = "SharpInputSystem.X11", "src\SharpInputSystem.X11\SharpInputSystem.X11.csproj", "{E7611F78-E15A-4CFA-A491-86459129C7D8}"
EndProject
Project("{D954291E-2A0B-460D-934E-DC6B0785DB48}") = "SharpInputSystem.Test.Console.Shared", "src\SharpInputSystem.Test.Console\SharpInputSystem.Test.Console.Shared.shproj", "{11320596-1706-4146-8DB7-7A0AA01635B7}"
EndProject
Project("{FAE04EC0-301F-11D3-BF4B-00C04F79EFBC}") = "SharpInputSystem.Test.Console.DirectX", "src\SharpInputSystem.Test.Console.DirectX\SharpInputSystem.Test.Console.DirectX.csproj", "{414B57C9-4B95-4503-AD7B-99426D6FC47D}"
EndProject
Project("{FAE04EC0-301F-11D3-BF4B-00C04F79EFBC}") = "SharpInputSystem.Test.Console.SWF", "src\SharpInputSystem.Test.Console.SWF\SharpInputSystem.Test.Console.SWF.csproj", "{3CC3BE20-4B0B-48A6-8771-8C0684B59208}"
EndProject
Project("{FAE04EC0-301F-11D3-BF4B-00C04F79EFBC}") = "SharpInputSystem.Test.Console.X11", "src\SharpInputSystem.Test.Console.X11\SharpInputSystem.Test.Console.X11.csproj", "{29045D60-94B4-4574-BDCB-E06D0CA26BFA}"
EndProject
Project("{FAE04EC0-301F-11D3-BF4B-00C04F79EFBC}") = "SharpInputSystem.Android", "src\SharpInputSystem.Android\SharpInputSystem.Android.csproj", "{188D41FB-7DDB-4D30-BC1F-89CE39DEA4E4}"
EndProject
Project("{FAE04EC0-301F-11D3-BF4B-00C04F79EFBC}") = "SharpInputSystem.Test.OpenGL.Android", "src\SharpInputSystem.Test.OpenGL.Android\SharpInputSystem.Test.OpenGL.Android.csproj", "{332CB19D-024C-4C01-900E-3B706AB895D6}"
EndProject
Project("{2150E333-8FDC-42A3-9474-1A3956D46DE8}") = "Android", "Android", "{A9D8B99F-AC1A-4086-A19C-D8FA4E30602E}"
EndProject
Project("{2150E333-8FDC-42A3-9474-1A3956D46DE8}") = "DirectXInput", "DirectXInput", "{A716EEFD-8A15-401F-861C-C9F433926A24}"
EndProject
Project("{2150E333-8FDC-42A3-9474-1A3956D46DE8}") = "SystemWindowsForms", "SystemWindowsForms", "{199D31A8-4EC0-41A0-B218-B5D902C6A975}"
EndProject
Project("{2150E333-8FDC-42A3-9474-1A3956D46DE8}") = "X11", "X11", "{862A5AF7-237F-4C74-B9E0-0D432C3934A6}"
EndProject
Project("{2150E333-8FDC-42A3-9474-1A3956D46DE8}") = "iOS", "iOS", "{8008225F-37A8-4D01-805C-4E6BC1002378}"
EndProject
Project("{FAE04EC0-301F-11D3-BF4B-00C04F79EFBC}") = "SharpInputSystem.Core", "src\SharpInputSystem\SharpInputSystem.Core.csproj", "{8476C51C-0028-4B79-B9A7-A666E11400CB}"
EndProject
Project("{2150E333-8FDC-42A3-9474-1A3956D46DE8}") = ".Build", ".Build", "{76BC45C3-3858-4BD7-8DE2-CF8D315AD2B2}"
	ProjectSection(SolutionItems) = preProject
		SharpInputSystem.props = SharpInputSystem.props
	EndProjectSection
EndProject
Global
	GlobalSection(SharedMSBuildProjectFiles) = preSolution
		src\SharpInputSystem.Test.Console\SharpInputSystem.Test.Console.Shared.projitems*{414b57c9-4b95-4503-ad7b-99426d6fc47d}*SharedItemsImports = 4
		src\SharpInputSystem.Test.Console\SharpInputSystem.Test.Console.Shared.projitems*{3cc3be20-4b0b-48a6-8771-8c0684b59208}*SharedItemsImports = 4
		src\SharpInputSystem.Test.Console\SharpInputSystem.Test.Console.Shared.projitems*{29045d60-94b4-4574-bdcb-e06d0ca26bfa}*SharedItemsImports = 4
		src\SharpInputSystem.Test.Console\SharpInputSystem.Test.Console.Shared.projitems*{11320596-1706-4146-8db7-7a0aa01635b7}*SharedItemsImports = 13
	EndGlobalSection
	GlobalSection(SolutionConfigurationPlatforms) = preSolution
		Debug|Any CPU = Debug|Any CPU
		Debug|x86 = Debug|x86
		Release|Any CPU = Release|Any CPU
		Release|x86 = Release|x86
	EndGlobalSection
	GlobalSection(ProjectConfigurationPlatforms) = postSolution
		{26BD5281-C74C-4BDB-9E9E-6E66D99FAC31}.Debug|Any CPU.ActiveCfg = Debug|Any CPU
		{26BD5281-C74C-4BDB-9E9E-6E66D99FAC31}.Debug|Any CPU.Build.0 = Debug|Any CPU
		{26BD5281-C74C-4BDB-9E9E-6E66D99FAC31}.Debug|x86.ActiveCfg = Debug|Any CPU
		{26BD5281-C74C-4BDB-9E9E-6E66D99FAC31}.Debug|x86.Build.0 = Debug|Any CPU
		{26BD5281-C74C-4BDB-9E9E-6E66D99FAC31}.Release|Any CPU.ActiveCfg = Release|Any CPU
		{26BD5281-C74C-4BDB-9E9E-6E66D99FAC31}.Release|Any CPU.Build.0 = Release|Any CPU
		{26BD5281-C74C-4BDB-9E9E-6E66D99FAC31}.Release|x86.ActiveCfg = Release|Any CPU
		{26BD5281-C74C-4BDB-9E9E-6E66D99FAC31}.Release|x86.Build.0 = Release|Any CPU
		{D12FE049-DFB1-476A-A726-CEABA59C93B4}.Debug|Any CPU.ActiveCfg = Debug|Any CPU
		{D12FE049-DFB1-476A-A726-CEABA59C93B4}.Debug|Any CPU.Build.0 = Debug|Any CPU
		{D12FE049-DFB1-476A-A726-CEABA59C93B4}.Debug|x86.ActiveCfg = Debug|Any CPU
		{D12FE049-DFB1-476A-A726-CEABA59C93B4}.Debug|x86.Build.0 = Debug|Any CPU
		{D12FE049-DFB1-476A-A726-CEABA59C93B4}.Release|Any CPU.ActiveCfg = Release|Any CPU
		{D12FE049-DFB1-476A-A726-CEABA59C93B4}.Release|Any CPU.Build.0 = Release|Any CPU
		{D12FE049-DFB1-476A-A726-CEABA59C93B4}.Release|x86.ActiveCfg = Release|Any CPU
		{D12FE049-DFB1-476A-A726-CEABA59C93B4}.Release|x86.Build.0 = Release|Any CPU
		{E7611F78-E15A-4CFA-A491-86459129C7D8}.Debug|Any CPU.ActiveCfg = Debug|Any CPU
		{E7611F78-E15A-4CFA-A491-86459129C7D8}.Debug|Any CPU.Build.0 = Debug|Any CPU
		{E7611F78-E15A-4CFA-A491-86459129C7D8}.Debug|x86.ActiveCfg = Debug|Any CPU
		{E7611F78-E15A-4CFA-A491-86459129C7D8}.Debug|x86.Build.0 = Debug|Any CPU
		{E7611F78-E15A-4CFA-A491-86459129C7D8}.Release|Any CPU.ActiveCfg = Release|Any CPU
		{E7611F78-E15A-4CFA-A491-86459129C7D8}.Release|Any CPU.Build.0 = Release|Any CPU
		{E7611F78-E15A-4CFA-A491-86459129C7D8}.Release|x86.ActiveCfg = Release|Any CPU
		{E7611F78-E15A-4CFA-A491-86459129C7D8}.Release|x86.Build.0 = Release|Any CPU
		{414B57C9-4B95-4503-AD7B-99426D6FC47D}.Debug|Any CPU.ActiveCfg = Debug|Any CPU
		{414B57C9-4B95-4503-AD7B-99426D6FC47D}.Debug|Any CPU.Build.0 = Debug|Any CPU
		{414B57C9-4B95-4503-AD7B-99426D6FC47D}.Debug|x86.ActiveCfg = Debug|Any CPU
		{414B57C9-4B95-4503-AD7B-99426D6FC47D}.Debug|x86.Build.0 = Debug|Any CPU
		{414B57C9-4B95-4503-AD7B-99426D6FC47D}.Release|Any CPU.ActiveCfg = Release|Any CPU
		{414B57C9-4B95-4503-AD7B-99426D6FC47D}.Release|Any CPU.Build.0 = Release|Any CPU
		{414B57C9-4B95-4503-AD7B-99426D6FC47D}.Release|x86.ActiveCfg = Release|Any CPU
		{414B57C9-4B95-4503-AD7B-99426D6FC47D}.Release|x86.Build.0 = Release|Any CPU
		{3CC3BE20-4B0B-48A6-8771-8C0684B59208}.Debug|Any CPU.ActiveCfg = Debug|Any CPU
		{3CC3BE20-4B0B-48A6-8771-8C0684B59208}.Debug|Any CPU.Build.0 = Debug|Any CPU
		{3CC3BE20-4B0B-48A6-8771-8C0684B59208}.Debug|x86.ActiveCfg = Debug|Any CPU
		{3CC3BE20-4B0B-48A6-8771-8C0684B59208}.Debug|x86.Build.0 = Debug|Any CPU
		{3CC3BE20-4B0B-48A6-8771-8C0684B59208}.Release|Any CPU.ActiveCfg = Release|Any CPU
		{3CC3BE20-4B0B-48A6-8771-8C0684B59208}.Release|Any CPU.Build.0 = Release|Any CPU
		{3CC3BE20-4B0B-48A6-8771-8C0684B59208}.Release|x86.ActiveCfg = Release|Any CPU
		{3CC3BE20-4B0B-48A6-8771-8C0684B59208}.Release|x86.Build.0 = Release|Any CPU
		{29045D60-94B4-4574-BDCB-E06D0CA26BFA}.Debug|Any CPU.ActiveCfg = Debug|Any CPU
		{29045D60-94B4-4574-BDCB-E06D0CA26BFA}.Debug|Any CPU.Build.0 = Debug|Any CPU
		{29045D60-94B4-4574-BDCB-E06D0CA26BFA}.Debug|x86.ActiveCfg = Debug|Any CPU
		{29045D60-94B4-4574-BDCB-E06D0CA26BFA}.Debug|x86.Build.0 = Debug|Any CPU
		{29045D60-94B4-4574-BDCB-E06D0CA26BFA}.Release|Any CPU.ActiveCfg = Release|Any CPU
		{29045D60-94B4-4574-BDCB-E06D0CA26BFA}.Release|Any CPU.Build.0 = Release|Any CPU
		{29045D60-94B4-4574-BDCB-E06D0CA26BFA}.Release|x86.ActiveCfg = Release|Any CPU
		{29045D60-94B4-4574-BDCB-E06D0CA26BFA}.Release|x86.Build.0 = Release|Any CPU
		{188D41FB-7DDB-4D30-BC1F-89CE39DEA4E4}.Debug|Any CPU.ActiveCfg = Debug|Any CPU
		{188D41FB-7DDB-4D30-BC1F-89CE39DEA4E4}.Debug|Any CPU.Build.0 = Debug|Any CPU
		{188D41FB-7DDB-4D30-BC1F-89CE39DEA4E4}.Debug|x86.ActiveCfg = Debug|Any CPU
		{188D41FB-7DDB-4D30-BC1F-89CE39DEA4E4}.Debug|x86.Build.0 = Debug|Any CPU
		{188D41FB-7DDB-4D30-BC1F-89CE39DEA4E4}.Release|Any CPU.ActiveCfg = Release|Any CPU
		{188D41FB-7DDB-4D30-BC1F-89CE39DEA4E4}.Release|Any CPU.Build.0 = Release|Any CPU
		{188D41FB-7DDB-4D30-BC1F-89CE39DEA4E4}.Release|x86.ActiveCfg = Release|Any CPU
		{188D41FB-7DDB-4D30-BC1F-89CE39DEA4E4}.Release|x86.Build.0 = Release|Any CPU
		{332CB19D-024C-4C01-900E-3B706AB895D6}.Debug|Any CPU.ActiveCfg = Debug|Any CPU
		{332CB19D-024C-4C01-900E-3B706AB895D6}.Debug|Any CPU.Build.0 = Debug|Any CPU
		{332CB19D-024C-4C01-900E-3B706AB895D6}.Debug|Any CPU.Deploy.0 = Debug|Any CPU
		{332CB19D-024C-4C01-900E-3B706AB895D6}.Debug|x86.ActiveCfg = Debug|Any CPU
		{332CB19D-024C-4C01-900E-3B706AB895D6}.Debug|x86.Build.0 = Debug|Any CPU
		{332CB19D-024C-4C01-900E-3B706AB895D6}.Debug|x86.Deploy.0 = Debug|Any CPU
		{332CB19D-024C-4C01-900E-3B706AB895D6}.Release|Any CPU.ActiveCfg = Release|Any CPU
		{332CB19D-024C-4C01-900E-3B706AB895D6}.Release|Any CPU.Build.0 = Release|Any CPU
		{332CB19D-024C-4C01-900E-3B706AB895D6}.Release|Any CPU.Deploy.0 = Release|Any CPU
		{332CB19D-024C-4C01-900E-3B706AB895D6}.Release|x86.ActiveCfg = Release|Any CPU
		{332CB19D-024C-4C01-900E-3B706AB895D6}.Release|x86.Build.0 = Release|Any CPU
		{332CB19D-024C-4C01-900E-3B706AB895D6}.Release|x86.Deploy.0 = Release|Any CPU
		{8476C51C-0028-4B79-B9A7-A666E11400CB}.Debug|Any CPU.ActiveCfg = Debug|Any CPU
		{8476C51C-0028-4B79-B9A7-A666E11400CB}.Debug|Any CPU.Build.0 = Debug|Any CPU
		{8476C51C-0028-4B79-B9A7-A666E11400CB}.Debug|x86.ActiveCfg = Debug|Any CPU
		{8476C51C-0028-4B79-B9A7-A666E11400CB}.Debug|x86.Build.0 = Debug|Any CPU
		{8476C51C-0028-4B79-B9A7-A666E11400CB}.Release|Any CPU.ActiveCfg = Release|Any CPU
		{8476C51C-0028-4B79-B9A7-A666E11400CB}.Release|Any CPU.Build.0 = Release|Any CPU
		{8476C51C-0028-4B79-B9A7-A666E11400CB}.Release|x86.ActiveCfg = Release|Any CPU
		{8476C51C-0028-4B79-B9A7-A666E11400CB}.Release|x86.Build.0 = Release|Any CPU
	EndGlobalSection
	GlobalSection(SolutionProperties) = preSolution
		HideSolutionNode = FALSE
	EndGlobalSection
	GlobalSection(NestedProjects) = preSolution
		{26BD5281-C74C-4BDB-9E9E-6E66D99FAC31} = {A716EEFD-8A15-401F-861C-C9F433926A24}
		{D12FE049-DFB1-476A-A726-CEABA59C93B4} = {199D31A8-4EC0-41A0-B218-B5D902C6A975}
		{E7611F78-E15A-4CFA-A491-86459129C7D8} = {862A5AF7-237F-4C74-B9E0-0D432C3934A6}
		{414B57C9-4B95-4503-AD7B-99426D6FC47D} = {A716EEFD-8A15-401F-861C-C9F433926A24}
		{3CC3BE20-4B0B-48A6-8771-8C0684B59208} = {199D31A8-4EC0-41A0-B218-B5D902C6A975}
		{29045D60-94B4-4574-BDCB-E06D0CA26BFA} = {862A5AF7-237F-4C74-B9E0-0D432C3934A6}
		{188D41FB-7DDB-4D30-BC1F-89CE39DEA4E4} = {A9D8B99F-AC1A-4086-A19C-D8FA4E30602E}
		{332CB19D-024C-4C01-900E-3B706AB895D6} = {A9D8B99F-AC1A-4086-A19C-D8FA4E30602E}
	EndGlobalSection
	GlobalSection(Nestedsrc) = preSolution
		{26BD5281-C74C-4BDB-9E9E-6E66D99FAC31} = {A716EEFD-8A15-401F-861C-C9F433926A24}
		{D12FE049-DFB1-476A-A726-CEABA59C93B4} = {199D31A8-4EC0-41A0-B218-B5D902C6A975}
		{E7611F78-E15A-4CFA-A491-86459129C7D8} = {862A5AF7-237F-4C74-B9E0-0D432C3934A6}
		{414B57C9-4B95-4503-AD7B-99426D6FC47D} = {A716EEFD-8A15-401F-861C-C9F433926A24}
		{3CC3BE20-4B0B-48A6-8771-8C0684B59208} = {199D31A8-4EC0-41A0-B218-B5D902C6A975}
		{29045D60-94B4-4574-BDCB-E06D0CA26BFA} = {862A5AF7-237F-4C74-B9E0-0D432C3934A6}
		{188D41FB-7DDB-4D30-BC1F-89CE39DEA4E4} = {A9D8B99F-AC1A-4086-A19C-D8FA4E30602E}
		{332CB19D-024C-4C01-900E-3B706AB895D6} = {A9D8B99F-AC1A-4086-A19C-D8FA4E30602E}
	EndGlobalSection
EndGlobal
