Microsoft Visual Studio Solution File, Format Version 11.00
# Visual Studio 2010
Project("{FAE04EC0-301F-11D3-BF4B-00C04F79EFBC}") = "SharpInputSystem.Core.2010", "Projects\SharpInputSystem\SharpInputSystem.Core.2010.csproj", "{5AA7DDED-70FA-4014-A289-01BC2FAD5D4F}"
EndProject
Project("{FAE04EC0-301F-11D3-BF4B-00C04F79EFBC}") = "SharpInputSystem.Test.Console.2010", "Projects\SharpInputSystem.Test.Console\SharpInputSystem.Test.Console.2010.csproj", "{414B57C9-4B95-4503-AD7B-99426D6FC47D}"
EndProject
Project("{FAE04EC0-301F-11D3-BF4B-00C04F79EFBC}") = "SharpInputSystem.DirectX.2010", "Projects\SharpInputSystem.DirectX\SharpInputSystem.DirectX.2010.csproj", "{26BD5281-C74C-4BDB-9E9E-6E66D99FAC31}"
EndProject
Project("{FAE04EC0-301F-11D3-BF4B-00C04F79EFBC}") = "SharpInputSystem.Xna.x86.2010", "Projects\SharpInputSystem.Xna\SharpInputSystem.Xna.x86.2010.csproj", "{FF8DEF79-65B2-4889-AAD1-75F29BDA8CA7}"
EndProject
Global
	GlobalSection(SolutionConfigurationPlatforms) = preSolution
		Debug|Any CPU = Debug|Any CPU
		Debug|Mixed Platforms = Debug|Mixed Platforms
		Debug|x86 = Debug|x86
		Release|Any CPU = Release|Any CPU
		Release|Mixed Platforms = Release|Mixed Platforms
		Release|x86 = Release|x86
	EndGlobalSection
	GlobalSection(ProjectConfigurationPlatforms) = postSolution
		{5AA7DDED-70FA-4014-A289-01BC2FAD5D4F}.Debug|Any CPU.ActiveCfg = Debug|Any CPU
		{5AA7DDED-70FA-4014-A289-01BC2FAD5D4F}.Debug|Any CPU.Build.0 = Debug|Any CPU
		{5AA7DDED-70FA-4014-A289-01BC2FAD5D4F}.Debug|Mixed Platforms.ActiveCfg = Debug|x86
		{5AA7DDED-70FA-4014-A289-01BC2FAD5D4F}.Debug|Mixed Platforms.Build.0 = Debug|x86
		{5AA7DDED-70FA-4014-A289-01BC2FAD5D4F}.Debug|x86.ActiveCfg = Debug|x86
		{5AA7DDED-70FA-4014-A289-01BC2FAD5D4F}.Debug|x86.Build.0 = Debug|x86
		{5AA7DDED-70FA-4014-A289-01BC2FAD5D4F}.Release|Any CPU.ActiveCfg = Release|Any CPU
		{5AA7DDED-70FA-4014-A289-01BC2FAD5D4F}.Release|Any CPU.Build.0 = Release|Any CPU
		{5AA7DDED-70FA-4014-A289-01BC2FAD5D4F}.Release|Mixed Platforms.ActiveCfg = Release|x86
		{5AA7DDED-70FA-4014-A289-01BC2FAD5D4F}.Release|Mixed Platforms.Build.0 = Release|x86
		{5AA7DDED-70FA-4014-A289-01BC2FAD5D4F}.Release|x86.ActiveCfg = Release|x86
		{5AA7DDED-70FA-4014-A289-01BC2FAD5D4F}.Release|x86.Build.0 = Release|x86
		{414B57C9-4B95-4503-AD7B-99426D6FC47D}.Debug|Any CPU.ActiveCfg = Debug|Any CPU
		{414B57C9-4B95-4503-AD7B-99426D6FC47D}.Debug|Any CPU.Build.0 = Debug|Any CPU
		{414B57C9-4B95-4503-AD7B-99426D6FC47D}.Debug|Mixed Platforms.ActiveCfg = Debug|x86
		{414B57C9-4B95-4503-AD7B-99426D6FC47D}.Debug|Mixed Platforms.Build.0 = Debug|x86
		{414B57C9-4B95-4503-AD7B-99426D6FC47D}.Debug|x86.ActiveCfg = Debug|x86
		{414B57C9-4B95-4503-AD7B-99426D6FC47D}.Debug|x86.Build.0 = Debug|x86
		{414B57C9-4B95-4503-AD7B-99426D6FC47D}.Release|Any CPU.ActiveCfg = Release|Any CPU
		{414B57C9-4B95-4503-AD7B-99426D6FC47D}.Release|Any CPU.Build.0 = Release|Any CPU
		{414B57C9-4B95-4503-AD7B-99426D6FC47D}.Release|Mixed Platforms.ActiveCfg = Release|x86
		{414B57C9-4B95-4503-AD7B-99426D6FC47D}.Release|Mixed Platforms.Build.0 = Release|x86
		{414B57C9-4B95-4503-AD7B-99426D6FC47D}.Release|x86.ActiveCfg = Release|x86
		{414B57C9-4B95-4503-AD7B-99426D6FC47D}.Release|x86.Build.0 = Release|x86
		{26BD5281-C74C-4BDB-9E9E-6E66D99FAC31}.Debug|Any CPU.ActiveCfg = Debug|Any CPU
		{26BD5281-C74C-4BDB-9E9E-6E66D99FAC31}.Debug|Any CPU.Build.0 = Debug|Any CPU
		{26BD5281-C74C-4BDB-9E9E-6E66D99FAC31}.Debug|Mixed Platforms.ActiveCfg = Debug|Any CPU
		{26BD5281-C74C-4BDB-9E9E-6E66D99FAC31}.Debug|Mixed Platforms.Build.0 = Debug|Any CPU
		{26BD5281-C74C-4BDB-9E9E-6E66D99FAC31}.Debug|x86.ActiveCfg = Debug|Any CPU
		{26BD5281-C74C-4BDB-9E9E-6E66D99FAC31}.Release|Any CPU.ActiveCfg = Release|Any CPU
		{26BD5281-C74C-4BDB-9E9E-6E66D99FAC31}.Release|Any CPU.Build.0 = Release|Any CPU
		{26BD5281-C74C-4BDB-9E9E-6E66D99FAC31}.Release|Mixed Platforms.ActiveCfg = Release|Any CPU
		{26BD5281-C74C-4BDB-9E9E-6E66D99FAC31}.Release|Mixed Platforms.Build.0 = Release|Any CPU
		{26BD5281-C74C-4BDB-9E9E-6E66D99FAC31}.Release|x86.ActiveCfg = Release|Any CPU
		{FF8DEF79-65B2-4889-AAD1-75F29BDA8CA7}.Debug|Any CPU.ActiveCfg = Debug|x86
		{FF8DEF79-65B2-4889-AAD1-75F29BDA8CA7}.Debug|Mixed Platforms.ActiveCfg = Debug|x86
		{FF8DEF79-65B2-4889-AAD1-75F29BDA8CA7}.Debug|Mixed Platforms.Build.0 = Debug|x86
		{FF8DEF79-65B2-4889-AAD1-75F29BDA8CA7}.Debug|x86.ActiveCfg = Debug|x86
		{FF8DEF79-65B2-4889-AAD1-75F29BDA8CA7}.Debug|x86.Build.0 = Debug|x86
		{FF8DEF79-65B2-4889-AAD1-75F29BDA8CA7}.Release|Any CPU.ActiveCfg = Release|x86
		{FF8DEF79-65B2-4889-AAD1-75F29BDA8CA7}.Release|Mixed Platforms.ActiveCfg = Release|x86
		{FF8DEF79-65B2-4889-AAD1-75F29BDA8CA7}.Release|Mixed Platforms.Build.0 = Release|x86
		{FF8DEF79-65B2-4889-AAD1-75F29BDA8CA7}.Release|x86.ActiveCfg = Release|x86
		{FF8DEF79-65B2-4889-AAD1-75F29BDA8CA7}.Release|x86.Build.0 = Release|x86
	EndGlobalSection
	GlobalSection(SolutionProperties) = preSolution
		HideSolutionNode = FALSE
	EndGlobalSection
EndGlobal
