?
Microsoft Visual Studio Solution File, Format Version 11.00
# Visual Studio 2010
Project("{FAE04EC0-301F-11D3-BF4B-00C04F79EFBC}") = "SharpInputSystem.DirectX.2010", "SharpInputSystem.DirectX.2010.csproj", "{26BD5281-C74C-4BDB-9E9E-6E66D99FAC31}"
EndProject
Global
	GlobalSection(SolutionConfigurationPlatforms) = preSolution
		Debug|Any CPU = Debug|Any CPU
		Release|Any CPU = Release|Any CPU
	EndGlobalSection
	GlobalSection(ProjectConfigurationPlatforms) = postSolution
		{26BD5281-C74C-4BDB-9E9E-6E66D99FAC31}.Debug|Any CPU.ActiveCfg = Debug|Any CPU
		{26BD5281-C74C-4BDB-9E9E-6E66D99FAC31}.Debug|Any CPU.Build.0 = Debug|Any CPU
		{26BD5281-C74C-4BDB-9E9E-6E66D99FAC31}.Release|Any CPU.ActiveCfg = Release|Any CPU
		{26BD5281-C74C-4BDB-9E9E-6E66D99FAC31}.Release|Any CPU.Build.0 = Release|Any CPU
	EndGlobalSection
	GlobalSection(SolutionProperties) = preSolution
		HideSolutionNode = FALSE
	EndGlobalSection
EndGlobal
